{
  "name": "ziniao-cli",
  "version": "1.0.0",
  "lockfileVersion": 3,
  "requires": true,
  "packages": {
    "": {
      "name": "ziniao-cli",
      "version": "1.0.0",
      "license": "ISC",
      "dependencies": {
        "@ziniao-open/cli": "^1.0.8"
      }
    },
    "node_modules/@ziniao-open/cli": {
      "version": "1.0.8",
      "resolved": "https://registry.npmmirror.com/@ziniao-open/cli/-/cli-1.0.8.tgz",
      "integrity": "sha512-UDZr843A7+vm+Gnkn5KY5ZNPMd/+IMd2IMmtC33c3ms/xCfbeERNEih2Xo8UCnd2lTSiFwwdVuDFN3+pIbEH9w==",
      "hasInstallScript": true,
      "license": "UNLICENSED",
      "bin": {
        "ziniao-cli": "scripts/run.js"
      },
      "engines": {
        "node": ">=18"
      }
    }
  }
}
